
Microsoft Visual Studio Solution File, Format Version 12.00
# Visual Studio 15
VisualStudioVersion = 15.0.26430.12
MinimumVisualStudioVersion = 10.0.40219.1
Project("{8BC9CEB8-8B4A-11D0-8D11-00A0C91BC942}") = "asciiid", "VisualStudio\asciiid.vcxproj", "{EDC758D2-2AE8-41BE-8859-8D6F70247DBE}"
EndProject
Project("{8BC9CEB8-8B4A-11D0-8D11-00A0C91BC942}") = "asciicker", "VisualStudio\asciicker.vcxproj", "{B7E885AC-A026-49F3-8145-08D3353FC1CE}"
EndProject
Project("{8BC9CEB8-8B4A-11D0-8D11-00A0C91BC942}") = "server", "VisualStudio\server.vcxproj", "{CCE87DBC-F823-4FFB-9AAD-61B4EEFDAD09}"
EndProject
Project("{2150E333-8FDC-42A3-9474-1A3956D46DE8}") = "io_mesh_akm", "io_mesh_akm", "{CAE7FC16-A41F-4744-93EC-760BB90D6F2C}"
	ProjectSection(SolutionItems) = preProject
		io_mesh_akm\__init__.py = io_mesh_akm\__init__.py
		io_mesh_akm\export_akm.py = io_mesh_akm\export_akm.py
		io_mesh_akm\import_akm.py = io_mesh_akm\import_akm.py
	EndProjectSection
EndProject
Project("{2150E333-8FDC-42A3-9474-1A3956D46DE8}") = "WEB", "WEB", "{070D52C0-85BC-408E-94B5-F9584BE723B4}"
	ProjectSection(SolutionItems) = preProject
		asciicker.js = src\asciicker.js
		asciicker.json = src\asciicker.json
		asciicker.png = src\asciicker.png
		game_web.html = src\game_web.html
	EndProjectSection
EndProject
Global
	GlobalSection(SolutionConfigurationPlatforms) = preSolution
		Debug|x64 = Debug|x64
		Debug|x86 = Debug|x86
		Release|x64 = Release|x64
		Release|x86 = Release|x86
	EndGlobalSection
	GlobalSection(ProjectConfigurationPlatforms) = postSolution
		{EDC758D2-2AE8-41BE-8859-8D6F70247DBE}.Debug|x64.ActiveCfg = Debug|x64
		{EDC758D2-2AE8-41BE-8859-8D6F70247DBE}.Debug|x64.Build.0 = Debug|x64
		{EDC758D2-2AE8-41BE-8859-8D6F70247DBE}.Debug|x86.ActiveCfg = Debug|Win32
		{EDC758D2-2AE8-41BE-8859-8D6F70247DBE}.Debug|x86.Build.0 = Debug|Win32
		{EDC758D2-2AE8-41BE-8859-8D6F70247DBE}.Release|x64.ActiveCfg = Release|x64
		{EDC758D2-2AE8-41BE-8859-8D6F70247DBE}.Release|x64.Build.0 = Release|x64
		{EDC758D2-2AE8-41BE-8859-8D6F70247DBE}.Release|x86.ActiveCfg = Release|Win32
		{EDC758D2-2AE8-41BE-8859-8D6F70247DBE}.Release|x86.Build.0 = Release|Win32
		{B7E885AC-A026-49F3-8145-08D3353FC1CE}.Debug|x64.ActiveCfg = Debug|x64
		{B7E885AC-A026-49F3-8145-08D3353FC1CE}.Debug|x64.Build.0 = Debug|x64
		{B7E885AC-A026-49F3-8145-08D3353FC1CE}.Debug|x86.ActiveCfg = Debug|Win32
		{B7E885AC-A026-49F3-8145-08D3353FC1CE}.Debug|x86.Build.0 = Debug|Win32
		{B7E885AC-A026-49F3-8145-08D3353FC1CE}.Release|x64.ActiveCfg = Release|x64
		{B7E885AC-A026-49F3-8145-08D3353FC1CE}.Release|x64.Build.0 = Release|x64
		{B7E885AC-A026-49F3-8145-08D3353FC1CE}.Release|x86.ActiveCfg = Release|Win32
		{B7E885AC-A026-49F3-8145-08D3353FC1CE}.Release|x86.Build.0 = Release|Win32
		{CCE87DBC-F823-4FFB-9AAD-61B4EEFDAD09}.Debug|x64.ActiveCfg = Debug|x64
		{CCE87DBC-F823-4FFB-9AAD-61B4EEFDAD09}.Debug|x64.Build.0 = Debug|x64
		{CCE87DBC-F823-4FFB-9AAD-61B4EEFDAD09}.Debug|x86.ActiveCfg = Debug|Win32
		{CCE87DBC-F823-4FFB-9AAD-61B4EEFDAD09}.Debug|x86.Build.0 = Debug|Win32
		{CCE87DBC-F823-4FFB-9AAD-61B4EEFDAD09}.Release|x64.ActiveCfg = Release|x64
		{CCE87DBC-F823-4FFB-9AAD-61B4EEFDAD09}.Release|x64.Build.0 = Release|x64
		{CCE87DBC-F823-4FFB-9AAD-61B4EEFDAD09}.Release|x86.ActiveCfg = Release|Win32
		{CCE87DBC-F823-4FFB-9AAD-61B4EEFDAD09}.Release|x86.Build.0 = Release|Win32
	EndGlobalSection
	GlobalSection(SolutionProperties) = preSolution
		HideSolutionNode = FALSE
	EndGlobalSection
	GlobalSection(ExtensibilityGlobals) = postSolution
		SolutionGuid = {80AC5F8C-4400-4E91-9A3C-EBABEEC54714}
	EndGlobalSection
	GlobalSection(Performance) = preSolution
		HasPerformanceSessions = true
	EndGlobalSection
	GlobalSection(Performance) = preSolution
		HasPerformanceSessions = true
	EndGlobalSection
EndGlobal
