<?xml version="1.0" encoding="utf-8"?>
<Project ToolsVersion="4.0" xmlns="http://schemas.microsoft.com/developer/msbuild/2003">
  <ItemGroup>
    <Filter Include="Source Files">
      <UniqueIdentifier>{4FC737F1-C7A5-4376-A066-2A32D752A2FF}</UniqueIdentifier>
      <Extensions>cpp;c;cc;cxx;def;odl;idl;hpj;bat;asm;asmx</Extensions>
    </Filter>
    <Filter Include="Header Files">
      <UniqueIdentifier>{93995380-89BD-4b04-88EB-625FBE52EBFB}</UniqueIdentifier>
      <Extensions>h;hh;hpp;hxx;hm;inl;inc;xsd</Extensions>
    </Filter>
    <Filter Include="Resource Files">
      <UniqueIdentifier>{67DA6AB6-F800-4c08-8B7A-83BB121AAD01}</UniqueIdentifier>
      <Extensions>rc;ico;cur;bmp;dlg;rc2;rct;bin;rgs;gif;jpg;jpeg;jpe;resx;tiff;tif;png;wav;mfcribbon-ms</Extensions>
    </Filter>
    <Filter Include="imgui">
      <UniqueIdentifier>{2a3e802d-b329-4fff-a953-56644396fef5}</UniqueIdentifier>
    </Filter>
    <Filter Include="imgui\Source Files">
      <UniqueIdentifier>{4c71ce64-e367-470c-96e3-ef00314fb9a9}</UniqueIdentifier>
    </Filter>
    <Filter Include="imgui\Header Files">
      <UniqueIdentifier>{2c23d5e4-edef-402c-a792-09de23acafaa}</UniqueIdentifier>
    </Filter>
  </ItemGroup>
  <ItemGroup>
    <Text Include="ReadMe.txt" />
  </ItemGroup>
  <ItemGroup>
    <ClInclude Include="..\src\stdafx.h">
      <Filter>Header Files</Filter>
    </ClInclude>
    <ClInclude Include="..\src\targetver.h">
      <Filter>Header Files</Filter>
    </ClInclude>
    <ClInclude Include="..\src\gl.h">
      <Filter>Header Files</Filter>
    </ClInclude>
    <ClInclude Include="..\src\imgui\imstb_textedit.h">
      <Filter>imgui\Header Files</Filter>
    </ClInclude>
    <ClInclude Include="..\src\imgui\imstb_truetype.h">
      <Filter>imgui\Header Files</Filter>
    </ClInclude>
    <ClInclude Include="..\src\imgui\imconfig.h">
      <Filter>imgui\Header Files</Filter>
    </ClInclude>
    <ClInclude Include="..\src\imgui\imgui.h">
      <Filter>imgui\Header Files</Filter>
    </ClInclude>
    <ClInclude Include="..\src\imgui\imgui_internal.h">
      <Filter>imgui\Header Files</Filter>
    </ClInclude>
    <ClInclude Include="..\src\imgui\imstb_rectpack.h">
      <Filter>imgui\Header Files</Filter>
    </ClInclude>
    <ClInclude Include="..\src\imgui_impl_opengl3.h">
      <Filter>Header Files</Filter>
    </ClInclude>
    <ClInclude Include="..\src\terrain.h">
      <Filter>Header Files</Filter>
    </ClInclude>
    <ClInclude Include="..\src\matrix.h">
      <Filter>Header Files</Filter>
    </ClInclude>
    <ClInclude Include="..\src\texheap.h">
      <Filter>Header Files</Filter>
    </ClInclude>
    <ClInclude Include="..\src\fast_rand.h">
      <Filter>Header Files</Filter>
    </ClInclude>
    <ClInclude Include="..\src\upng.h">
      <Filter>Header Files</Filter>
    </ClInclude>
    <ClInclude Include="..\src\rgba8.h">
      <Filter>Header Files</Filter>
    </ClInclude>
    <ClInclude Include="..\src\sprite.h">
      <Filter>Header Files</Filter>
    </ClInclude>
    <ClInclude Include="..\src\platform.h">
      <Filter>Header Files</Filter>
    </ClInclude>
    <ClInclude Include="..\src\render.h">
      <Filter>Header Files</Filter>
    </ClInclude>
    <ClInclude Include="..\src\term.h">
      <Filter>Header Files</Filter>
    </ClInclude>
    <ClInclude Include="..\src\urdo.h">
      <Filter>Header Files</Filter>
    </ClInclude>
    <ClInclude Include="..\src\game.h">
      <Filter>Header Files</Filter>
    </ClInclude>
    <ClInclude Include="..\src\inventory.h">
      <Filter>Header Files</Filter>
    </ClInclude>
    <ClInclude Include="..\src\world.h">
      <Filter>Header Files</Filter>
    </ClInclude>
    <ClInclude Include="..\src\enemygen.h">
      <Filter>Header Files</Filter>
    </ClInclude>
    <ClInclude Include="..\src\gl45_emu.h">
      <Filter>Header Files</Filter>
    </ClInclude>
    <ClInclude Include="..\src\font1.h">
      <Filter>Source Files</Filter>
    </ClInclude>
    <ClInclude Include="..\src\gamepad.h">
      <Filter>Header Files</Filter>
    </ClInclude>
  </ItemGroup>
  <ItemGroup>
    <ClCompile Include="..\src\asciiid.cpp">
      <Filter>Source Files</Filter>
    </ClCompile>
    <ClCompile Include="..\src\gl.c">
      <Filter>Source Files</Filter>
    </ClCompile>
    <ClCompile Include="..\src\imgui\imgui.cpp">
      <Filter>imgui\Source Files</Filter>
    </ClCompile>
    <ClCompile Include="..\src\imgui\imgui_draw.cpp">
      <Filter>imgui\Source Files</Filter>
    </ClCompile>
    <ClCompile Include="..\src\imgui\imgui_widgets.cpp">
      <Filter>imgui\Source Files</Filter>
    </ClCompile>
    <ClCompile Include="..\src\imgui_impl_opengl3.cpp">
      <Filter>Source Files</Filter>
    </ClCompile>
    <ClCompile Include="..\src\imgui\imgui_demo.cpp">
      <Filter>imgui\Source Files</Filter>
    </ClCompile>
    <ClCompile Include="..\src\terrain.cpp">
      <Filter>Source Files</Filter>
    </ClCompile>
    <ClCompile Include="..\src\texheap.cpp">
      <Filter>Source Files</Filter>
    </ClCompile>
    <ClCompile Include="..\src\upng.c">
      <Filter>Source Files</Filter>
    </ClCompile>
    <ClCompile Include="..\src\rgba8.cpp">
      <Filter>Source Files</Filter>
    </ClCompile>
    <ClCompile Include="..\src\water.cpp">
      <Filter>Source Files</Filter>
    </ClCompile>
    <ClCompile Include="..\src\sprite.cpp">
      <Filter>Source Files</Filter>
    </ClCompile>
    <ClCompile Include="..\src\physics.cpp">
      <Filter>Source Files</Filter>
    </ClCompile>
    <ClCompile Include="..\src\urdo.cpp">
      <Filter>Source Files</Filter>
    </ClCompile>
    <ClCompile Include="..\src\mswin.cpp">
      <Filter>Source Files</Filter>
    </ClCompile>
    <ClCompile Include="..\src\render.cpp">
      <Filter>Source Files</Filter>
    </ClCompile>
    <ClCompile Include="..\src\term.cpp">
      <Filter>Source Files</Filter>
    </ClCompile>
    <ClCompile Include="..\src\x11.cpp">
      <Filter>Source Files</Filter>
    </ClCompile>
    <ClCompile Include="..\src\tinfl.c">
      <Filter>Source Files</Filter>
    </ClCompile>
    <ClCompile Include="..\src\game.cpp">
      <Filter>Source Files</Filter>
    </ClCompile>
    <ClCompile Include="..\src\inventory.cpp">
      <Filter>Source Files</Filter>
    </ClCompile>
    <ClCompile Include="..\src\world.cpp">
      <Filter>Source Files</Filter>
    </ClCompile>
    <ClCompile Include="..\src\enemygen.cpp">
      <Filter>Source Files</Filter>
    </ClCompile>
    <ClCompile Include="..\src\sdl.cpp">
      <Filter>Source Files</Filter>
    </ClCompile>
    <ClCompile Include="..\src\gl45_emu.cpp">
      <Filter>Source Files</Filter>
    </ClCompile>
    <ClCompile Include="..\src\font1.cpp">
      <Filter>Source Files</Filter>
    </ClCompile>
    <ClCompile Include="..\src\gamepad.cpp">
      <Filter>Source Files</Filter>
    </ClCompile>
  </ItemGroup>
</Project>